
Microsoft Visual Studio Solution File, Format Version 12.00
# Visual Studio Version 17
VisualStudioVersion = 17.6.33829.357
MinimumVisualStudioVersion = 10.0.40219.1
Project("{FAE04EC0-301F-11D3-BF4B-00C04F79EFBC}") = "InteriorDesigner", "InteriorDesigner.csproj", "{D03B8B5C-E0B0-47AB-B1A0-3E432B939D58}"
EndProject
Global
	GlobalSection(SolutionConfigurationPlatforms) = preSolution
		Debug|Any CPU = Debug|Any CPU
		Release|Any CPU = Release|Any CPU
	EndGlobalSection
	GlobalSection(ProjectConfigurationPlatforms) = postSolution
		{D03B8B5C-E0B0-47AB-B1A0-3E432B939D58}.Debug|Any CPU.ActiveCfg = Debug|Any CPU
		{D03B8B5C-E0B0-47AB-B1A0-3E432B939D58}.Debug|Any CPU.Build.0 = Debug|Any CPU
		{D03B8B5C-E0B0-47AB-B1A0-3E432B939D58}.Release|Any CPU.ActiveCfg = Release|Any CPU
		{D03B8B5C-E0B0-47AB-B1A0-3E432B939D58}.Release|Any CPU.Build.0 = Release|Any CPU
	EndGlobalSection
	GlobalSection(SolutionProperties) = preSolution
		HideSolutionNode = FALSE
	EndGlobalSection
	GlobalSection(ExtensibilityGlobals) = postSolution
		SolutionGuid = {79563D83-6DA9-480C-84FD-A339B3CC532D}
	EndGlobalSection
EndGlobal
